
Microsoft Visual Studio Solution File, Format Version 12.00
# Visual Studio Version 17
VisualStudioVersion = 17.0.32126.317
MinimumVisualStudioVersion = 10.0.40219.1
Project("{FAE04EC0-301F-11D3-BF4B-00C04F79EFBC}") = "Лабораторна №4", "Лабораторна №4\Лабораторна №4.csproj", "{A267C99B-17CD-46BE-9797-155ECE0A17F4}"
EndProject
Global
	GlobalSection(SolutionConfigurationPlatforms) = preSolution
		Debug|Any CPU = Debug|Any CPU
		Release|Any CPU = Release|Any CPU
	EndGlobalSection
	GlobalSection(ProjectConfigurationPlatforms) = postSolution
		{A267C99B-17CD-46BE-9797-155ECE0A17F4}.Debug|Any CPU.ActiveCfg = Debug|Any CPU
		{A267C99B-17CD-46BE-9797-155ECE0A17F4}.Debug|Any CPU.Build.0 = Debug|Any CPU
		{A267C99B-17CD-46BE-9797-155ECE0A17F4}.Release|Any CPU.ActiveCfg = Release|Any CPU
		{A267C99B-17CD-46BE-9797-155ECE0A17F4}.Release|Any CPU.Build.0 = Release|Any CPU
	EndGlobalSection
	GlobalSection(SolutionProperties) = preSolution
		HideSolutionNode = FALSE
	EndGlobalSection
	GlobalSection(ExtensibilityGlobals) = postSolution
		SolutionGuid = {354B1D04-5D79-421C-8055-16DC04DF4D6D}
	EndGlobalSection
EndGlobal
